
Microsoft Visual Studio Solution File, Format Version 12.00
# Visual Studio 15
VisualStudioVersion = 15.0.28307.902
MinimumVisualStudioVersion = 10.0.40219.1
Project("{FAE04EC0-301F-11D3-BF4B-00C04F79EFBC}") = "DBManaging", "DBManaging\DBManaging.csproj", "{C7CDB84C-35EC-4C02-895F-2DA406C2049B}"
EndProject
Global
	GlobalSection(SolutionConfigurationPlatforms) = preSolution
		Debug|Any CPU = Debug|Any CPU
		Release|Any CPU = Release|Any CPU
	EndGlobalSection
	GlobalSection(ProjectConfigurationPlatforms) = postSolution
		{C7CDB84C-35EC-4C02-895F-2DA406C2049B}.Debug|Any CPU.ActiveCfg = Debug|Any CPU
		{C7CDB84C-35EC-4C02-895F-2DA406C2049B}.Debug|Any CPU.Build.0 = Debug|Any CPU
		{C7CDB84C-35EC-4C02-895F-2DA406C2049B}.Release|Any CPU.ActiveCfg = Release|Any CPU
		{C7CDB84C-35EC-4C02-895F-2DA406C2049B}.Release|Any CPU.Build.0 = Release|Any CPU
	EndGlobalSection
	GlobalSection(SolutionProperties) = preSolution
		HideSolutionNode = FALSE
	EndGlobalSection
	GlobalSection(ExtensibilityGlobals) = postSolution
		SolutionGuid = {84978F18-76B7-4330-9854-64B36F4EF8AC}
	EndGlobalSection
EndGlobal
